// !$*UTF8*$!
{
	archiveVersion = 1;
	classes = {
	};
	objectVersion = 56;
	objects = {

/* Begin PBXBuildFile section */
		C076B62A2B93025A00993FE2 /* BarcodeReaderSUIApp.swift in Sources */ = {isa = PBXBuildFile; fileRef = C076B6292B93025A00993FE2 /* BarcodeReaderSUIApp.swift */; };
		C076B62E2B93025B00993FE2 /* Assets.xcassets in Resources */ = {isa = PBXBuildFile; fileRef = C076B62D2B93025B00993FE2 /* Assets.xcassets */; };
		C076B6312B93025B00993FE2 /* Preview Assets.xcassets in Resources */ = {isa = PBXBuildFile; fileRef = C076B6302B93025B00993FE2 /* Preview Assets.xcassets */; };
		C076B6382B93071D00993FE2 /* BarcodeReaderSUIViewModel.swift in Sources */ = {isa = PBXBuildFile; fileRef = C076B6372B93071D00993FE2 /* BarcodeReaderSUIViewModel.swift */; };
		C076B63B2B930B9500993FE2 /* ReaderVC.swift in Sources */ = {isa = PBXBuildFile; fileRef = C076B63A2B930B9500993FE2 /* ReaderVC.swift */; };
		C076B63D2B930C8D00993FE2 /* ReaderView.swift in Sources */ = {isa = PBXBuildFile; fileRef = C076B63C2B930C8C00993FE2 /* ReaderView.swift */; };
		C076B63F2B930DF700993FE2 /* Alert.swift in Sources */ = {isa = PBXBuildFile; fileRef = C076B63E2B930DF700993FE2 /* Alert.swift */; };
		C076B6412B930FFB00993FE2 /* BarcodeReaderSUI_App.swift in Sources */ = {isa = PBXBuildFile; fileRef = C076B6402B930FFB00993FE2 /* BarcodeReaderSUI_App.swift */; };
/* End PBXBuildFile section */

/* Begin PBXFileReference section */
		C076B6262B93025A00993FE2 /* BarcodeReaderSUI.app */ = {isa = PBXFileReference; explicitFileType = wrapper.application; includeInIndex = 0; path = BarcodeReaderSUI.app; sourceTree = BUILT_PRODUCTS_DIR; };
		C076B6292B93025A00993FE2 /* BarcodeReaderSUIApp.swift */ = {isa = PBXFileReference; lastKnownFileType = sourcecode.swift; path = BarcodeReaderSUIApp.swift; sourceTree = "<group>"; };
		C076B62D2B93025B00993FE2 /* Assets.xcassets */ = {isa = PBXFileReference; lastKnownFileType = folder.assetcatalog; path = Assets.xcassets; sourceTree = "<group>"; };
		C076B6302B93025B00993FE2 /* Preview Assets.xcassets */ = {isa = PBXFileReference; lastKnownFileType = folder.assetcatalog; path = "Preview Assets.xcassets"; sourceTree = "<group>"; };
		C076B6372B93071D00993FE2 /* BarcodeReaderSUIViewModel.swift */ = {isa = PBXFileReference; lastKnownFileType = sourcecode.swift; path = BarcodeReaderSUIViewModel.swift; sourceTree = "<group>"; };
		C076B63A2B930B9500993FE2 /* ReaderVC.swift */ = {isa = PBXFileReference; lastKnownFileType = sourcecode.swift; path = ReaderVC.swift; sourceTree = "<group>"; };
		C076B63C2B930C8C00993FE2 /* ReaderView.swift */ = {isa = PBXFileReference; lastKnownFileType = sourcecode.swift; path = ReaderView.swift; sourceTree = "<group>"; };
		C076B63E2B930DF700993FE2 /* Alert.swift */ = {isa = PBXFileReference; lastKnownFileType = sourcecode.swift; path = Alert.swift; sourceTree = "<group>"; };
		C076B6402B930FFB00993FE2 /* BarcodeReaderSUI_App.swift */ = {isa = PBXFileReference; lastKnownFileType = sourcecode.swift; path = BarcodeReaderSUI_App.swift; sourceTree = "<group>"; };
/* End PBXFileReference section */

/* Begin PBXFrameworksBuildPhase section */
		C076B6232B93025A00993FE2 /* Frameworks */ = {
			isa = PBXFrameworksBuildPhase;
			buildActionMask = 2147483647;
			files = (
			);
			runOnlyForDeploymentPostprocessing = 0;
		};
/* End PBXFrameworksBuildPhase section */

/* Begin PBXGroup section */
		C076B61D2B93025A00993FE2 = {
			isa = PBXGroup;
			children = (
				C076B6282B93025A00993FE2 /* BarcodeReaderSUI */,
				C076B6272B93025A00993FE2 /* Products */,
			);
			sourceTree = "<group>";
		};
		C076B6272B93025A00993FE2 /* Products */ = {
			isa = PBXGroup;
			children = (
				C076B6262B93025A00993FE2 /* BarcodeReaderSUI.app */,
			);
			name = Products;
			sourceTree = "<group>";
		};
		C076B6282B93025A00993FE2 /* BarcodeReaderSUI */ = {
			isa = PBXGroup;
			children = (
				C076B6392B93073700993FE2 /* BarcodeReaderSUI */,
				C076B62D2B93025B00993FE2 /* Assets.xcassets */,
				C076B62F2B93025B00993FE2 /* Preview Content */,
			);
			path = BarcodeReaderSUI;
			sourceTree = "<group>";
		};
		C076B62F2B93025B00993FE2 /* Preview Content */ = {
			isa = PBXGroup;
			children = (
				C076B6302B93025B00993FE2 /* Preview Assets.xcassets */,
			);
			path = "Preview Content";
			sourceTree = "<group>";
		};
		C076B6392B93073700993FE2 /* BarcodeReaderSUI */ = {
			isa = PBXGroup;
			children = (
				C076B6292B93025A00993FE2 /* BarcodeReaderSUIApp.swift */,
				C076B63A2B930B9500993FE2 /* ReaderVC.swift */,
				C076B63C2B930C8C00993FE2 /* ReaderView.swift */,
				C076B6372B93071D00993FE2 /* BarcodeReaderSUIViewModel.swift */,
				C076B63E2B930DF700993FE2 /* Alert.swift */,
				C076B6402B930FFB00993FE2 /* BarcodeReaderSUI_App.swift */,
			);
			path = BarcodeReaderSUI;
			sourceTree = "<group>";
		};
/* End PBXGroup section */

/* Begin PBXNativeTarget section */
		C076B6252B93025A00993FE2 /* BarcodeReaderSUI */ = {
			isa = PBXNativeTarget;
			buildConfigurationList = C076B6342B93025B00993FE2 /* Build configuration list for PBXNativeTarget "BarcodeReaderSUI" */;
			buildPhases = (
				C076B6222B93025A00993FE2 /* Sources */,
				C076B6232B93025A00993FE2 /* Frameworks */,
				C076B6242B93025A00993FE2 /* Resources */,
			);
			buildRules = (
			);
			dependencies = (
			);
			name = BarcodeReaderSUI;
			productName = BarcodeReaderSUI;
			productReference = C076B6262B93025A00993FE2 /* BarcodeReaderSUI.app */;
			productType = "com.apple.product-type.application";
		};
/* End PBXNativeTarget section */

/* Begin PBXProject section */
		C076B61E2B93025A00993FE2 /* Project object */ = {
			isa = PBXProject;
			attributes = {
				BuildIndependentTargetsInParallel = 1;
				LastSwiftUpdateCheck = 1420;
				LastUpgradeCheck = 1420;
				TargetAttributes = {
					C076B6252B93025A00993FE2 = {
						CreatedOnToolsVersion = 14.2;
					};
				};
			};
			buildConfigurationList = C076B6212B93025A00993FE2 /* Build configuration list for PBXProject "BarcodeReaderSUI" */;
			compatibilityVersion = "Xcode 14.0";
			developmentRegion = en;
			hasScannedForEncodings = 0;
			knownRegions = (
				en,
				Base,
			);
			mainGroup = C076B61D2B93025A00993FE2;
			productRefGroup = C076B6272B93025A00993FE2 /* Products */;
			projectDirPath = "";
			projectRoot = "";
			targets = (
				C076B6252B93025A00993FE2 /* BarcodeReaderSUI */,
			);
		};
/* End PBXProject section */

/* Begin PBXResourcesBuildPhase section */
		C076B6242B93025A00993FE2 /* Resources */ = {
			isa = PBXResourcesBuildPhase;
			buildActionMask = 2147483647;
			files = (
				C076B6312B93025B00993FE2 /* Preview Assets.xcassets in Resources */,
				C076B62E2B93025B00993FE2 /* Assets.xcassets in Resources */,
			);
			runOnlyForDeploymentPostprocessing = 0;
		};
/* End PBXResourcesBuildPhase section */

/* Begin PBXSourcesBuildPhase section */
		C076B6222B93025A00993FE2 /* Sources */ = {
			isa = PBXSourcesBuildPhase;
			buildActionMask = 2147483647;
			files = (
				C076B62A2B93025A00993FE2 /* BarcodeReaderSUIApp.swift in Sources */,
				C076B63D2B930C8D00993FE2 /* ReaderView.swift in Sources */,
				C076B63B2B930B9500993FE2 /* ReaderVC.swift in Sources */,
				C076B6412B930FFB00993FE2 /* BarcodeReaderSUI_App.swift in Sources */,
				C076B63F2B930DF700993FE2 /* Alert.swift in Sources */,
				C076B6382B93071D00993FE2 /* BarcodeReaderSUIViewModel.swift in Sources */,
			);
			runOnlyForDeploymentPostprocessing = 0;
		};
/* End PBXSourcesBuildPhase section */

/* Begin XCBuildConfiguration section */
		C076B6322B93025B00993FE2 /* Debug */ = {
			isa = XCBuildConfiguration;
			buildSettings = {
				ALWAYS_SEARCH_USER_PATHS = NO;
				CLANG_ANALYZER_NONNULL = YES;
				CLANG_ANALYZER_NUMBER_OBJECT_CONVERSION = YES_AGGRESSIVE;
				CLANG_CXX_LANGUAGE_STANDARD = "gnu++20";
				CLANG_ENABLE_MODULES = YES;
				CLANG_ENABLE_OBJC_ARC = YES;
				CLANG_ENABLE_OBJC_WEAK = YES;
				CLANG_WARN_BLOCK_CAPTURE_AUTORELEASING = YES;
				CLANG_WARN_BOOL_CONVERSION = YES;
				CLANG_WARN_COMMA = YES;
				CLANG_WARN_CONSTANT_CONVERSION = YES;
				CLANG_WARN_DEPRECATED_OBJC_IMPLEMENTATIONS = YES;
				CLANG_WARN_DIRECT_OBJC_ISA_USAGE = YES_ERROR;
				CLANG_WARN_DOCUMENTATION_COMMENTS = YES;
				CLANG_WARN_EMPTY_BODY = YES;
				CLANG_WARN_ENUM_CONVERSION = YES;
				CLANG_WARN_INFINITE_RECURSION = YES;
				CLANG_WARN_INT_CONVERSION = YES;
				CLANG_WARN_NON_LITERAL_NULL_CONVERSION = YES;
				CLANG_WARN_OBJC_IMPLICIT_RETAIN_SELF = YES;
				CLANG_WARN_OBJC_LITERAL_CONVERSION = YES;
				CLANG_WARN_OBJC_ROOT_CLASS = YES_ERROR;
				CLANG_WARN_QUOTED_INCLUDE_IN_FRAMEWORK_HEADER = YES;
				CLANG_WARN_RANGE_LOOP_ANALYSIS = YES;
				CLANG_WARN_STRICT_PROTOTYPES = YES;
				CLANG_WARN_SUSPICIOUS_MOVE = YES;
				CLANG_WARN_UNGUARDED_AVAILABILITY = YES_AGGRESSIVE;
				CLANG_WARN_UNREACHABLE_CODE = YES;
				CLANG_WARN__DUPLICATE_METHOD_MATCH = YES;
				COPY_PHASE_STRIP = NO;
				DEBUG_INFORMATION_FORMAT = dwarf;
				ENABLE_STRICT_OBJC_MSGSEND = YES;
				ENABLE_TESTABILITY = YES;
				GCC_C_LANGUAGE_STANDARD = gnu11;
				GCC_DYNAMIC_NO_PIC = NO;
				GCC_NO_COMMON_BLOCKS = YES;
				GCC_OPTIMIZATION_LEVEL = 0;
				GCC_PREPROCESSOR_DEFINITIONS = (
					"DEBUG=1",
					"$(inherited)",
				);
				GCC_WARN_64_TO_32_BIT_CONVERSION = YES;
				GCC_WARN_ABOUT_RETURN_TYPE = YES_ERROR;
				GCC_WARN_UNDECLARED_SELECTOR = YES;
				GCC_WARN_UNINITIALIZED_AUTOS = YES_AGGRESSIVE;
				GCC_WARN_UNUSED_FUNCTION = YES;
				GCC_WARN_UNUSED_VARIABLE = YES;
				IPHONEOS_DEPLOYMENT_TARGET = 16.2;
				MTL_ENABLE_DEBUG_INFO = INCLUDE_SOURCE;
				MTL_FAST_MATH = YES;
				ONLY_ACTIVE_ARCH = YES;
				SDKROOT = iphoneos;
				SWIFT_ACTIVE_COMPILATION_CONDITIONS = DEBUG;
				SWIFT_OPTIMIZATION_LEVEL = "-Onone";
			};
			name = Debug;
		};
		C076B6332B93025B00993FE2 /* Release */ = {
			isa = XCBuildConfiguration;
			buildSettings = {
				ALWAYS_SEARCH_USER_PATHS = NO;
				CLANG_ANALYZER_NONNULL = YES;
				CLANG_ANALYZER_NUMBER_OBJECT_CONVERSION = YES_AGGRESSIVE;
				CLANG_CXX_LANGUAGE_STANDARD = "gnu++20";
				CLANG_ENABLE_MODULES = YES;
				CLANG_ENABLE_OBJC_ARC = YES;
				CLANG_ENABLE_OBJC_WEAK = YES;
				CLANG_WARN_BLOCK_CAPTURE_AUTORELEASING = YES;
				CLANG_WARN_BOOL_CONVERSION = YES;
				CLANG_WARN_COMMA = YES;
				CLANG_WARN_CONSTANT_CONVERSION = YES;
				CLANG_WARN_DEPRECATED_OBJC_IMPLEMENTATIONS = YES;
				CLANG_WARN_DIRECT_OBJC_ISA_USAGE = YES_ERROR;
				CLANG_WARN_DOCUMENTATION_COMMENTS = YES;
				CLANG_WARN_EMPTY_BODY = YES;
				CLANG_WARN_ENUM_CONVERSION = YES;
				CLANG_WARN_INFINITE_RECURSION = YES;
				CLANG_WARN_INT_CONVERSION = YES;
				CLANG_WARN_NON_LITERAL_NULL_CONVERSION = YES;
				CLANG_WARN_OBJC_IMPLICIT_RETAIN_SELF = YES;
				CLANG_WARN_OBJC_LITERAL_CONVERSION = YES;
				CLANG_WARN_OBJC_ROOT_CLASS = YES_ERROR;
				CLANG_WARN_QUOTED_INCLUDE_IN_FRAMEWORK_HEADER = YES;
				CLANG_WARN_RANGE_LOOP_ANALYSIS = YES;
				CLANG_WARN_STRICT_PROTOTYPES = YES;
				CLANG_WARN_SUSPICIOUS_MOVE = YES;
				CLANG_WARN_UNGUARDED_AVAILABILITY = YES_AGGRESSIVE;
				CLANG_WARN_UNREACHABLE_CODE = YES;
				CLANG_WARN__DUPLICATE_METHOD_MATCH = YES;
				COPY_PHASE_STRIP = NO;
				DEBUG_INFORMATION_FORMAT = "dwarf-with-dsym";
				ENABLE_NS_ASSERTIONS = NO;
				ENABLE_STRICT_OBJC_MSGSEND = YES;
				GCC_C_LANGUAGE_STANDARD = gnu11;
				GCC_NO_COMMON_BLOCKS = YES;
				GCC_WARN_64_TO_32_BIT_CONVERSION = YES;
				GCC_WARN_ABOUT_RETURN_TYPE = YES_ERROR;
				GCC_WARN_UNDECLARED_SELECTOR = YES;
				GCC_WARN_UNINITIALIZED_AUTOS = YES_AGGRESSIVE;
				GCC_WARN_UNUSED_FUNCTION = YES;
				GCC_WARN_UNUSED_VARIABLE = YES;
				IPHONEOS_DEPLOYMENT_TARGET = 16.2;
				MTL_ENABLE_DEBUG_INFO = NO;
				MTL_FAST_MATH = YES;
				SDKROOT = iphoneos;
				SWIFT_COMPILATION_MODE = wholemodule;
				SWIFT_OPTIMIZATION_LEVEL = "-O";
				VALIDATE_PRODUCT = YES;
			};
			name = Release;
		};
		C076B6352B93025B00993FE2 /* Debug */ = {
			isa = XCBuildConfiguration;
			buildSettings = {
				ASSETCATALOG_COMPILER_APPICON_NAME = AppIcon;
				ASSETCATALOG_COMPILER_GLOBAL_ACCENT_COLOR_NAME = AccentColor;
				CODE_SIGN_STYLE = Automatic;
				CURRENT_PROJECT_VERSION = 1;
				DEVELOPMENT_ASSET_PATHS = "\"BarcodeReaderSUI/Preview Content\"";
				DEVELOPMENT_TEAM = QDS78C7J36;
				ENABLE_PREVIEWS = YES;
				GENERATE_INFOPLIST_FILE = YES;
				INFOPLIST_KEY_UIApplicationSceneManifest_Generation = YES;
				INFOPLIST_KEY_UIApplicationSupportsIndirectInputEvents = YES;
				INFOPLIST_KEY_UILaunchScreen_Generation = YES;
				INFOPLIST_KEY_UISupportedInterfaceOrientations = UIInterfaceOrientationPortrait;
				INFOPLIST_KEY_UISupportedInterfaceOrientations_iPad = "UIInterfaceOrientationLandscapeLeft UIInterfaceOrientationLandscapeRight UIInterfaceOrientationPortrait UIInterfaceOrientationPortraitUpsideDown";
				IPHONEOS_DEPLOYMENT_TARGET = 15.0;
				LD_RUNPATH_SEARCH_PATHS = (
					"$(inherited)",
					"@executable_path/Frameworks",
				);
				MARKETING_VERSION = 1.0;
				PRODUCT_BUNDLE_IDENTIFIER = "softhemoon5-gmail.com.BarcodeReaderSUI";
				PRODUCT_NAME = "$(TARGET_NAME)";
				SWIFT_EMIT_LOC_STRINGS = YES;
				SWIFT_VERSION = 5.0;
				TARGETED_DEVICE_FAMILY = "1,2";
			};
			name = Debug;
		};
		C076B6362B93025B00993FE2 /* Release */ = {
			isa = XCBuildConfiguration;
			buildSettings = {
				ASSETCATALOG_COMPILER_APPICON_NAME = AppIcon;
				ASSETCATALOG_COMPILER_GLOBAL_ACCENT_COLOR_NAME = AccentColor;
				CODE_SIGN_STYLE = Automatic;
				CURRENT_PROJECT_VERSION = 1;
				DEVELOPMENT_ASSET_PATHS = "\"BarcodeReaderSUI/Preview Content\"";
				DEVELOPMENT_TEAM = QDS78C7J36;
				ENABLE_PREVIEWS = YES;
				GENERATE_INFOPLIST_FILE = YES;
				INFOPLIST_KEY_UIApplicationSceneManifest_Generation = YES;
				INFOPLIST_KEY_UIApplicationSupportsIndirectInputEvents = YES;
				INFOPLIST_KEY_UILaunchScreen_Generation = YES;
				INFOPLIST_KEY_UISupportedInterfaceOrientations = UIInterfaceOrientationPortrait;
				INFOPLIST_KEY_UISupportedInterfaceOrientations_iPad = "UIInterfaceOrientationLandscapeLeft UIInterfaceOrientationLandscapeRight UIInterfaceOrientationPortrait UIInterfaceOrientationPortraitUpsideDown";
				IPHONEOS_DEPLOYMENT_TARGET = 15.0;
				LD_RUNPATH_SEARCH_PATHS = (
					"$(inherited)",
					"@executable_path/Frameworks",
				);
				MARKETING_VERSION = 1.0;
				PRODUCT_BUNDLE_IDENTIFIER = "softhemoon5-gmail.com.BarcodeReaderSUI";
				PRODUCT_NAME = "$(TARGET_NAME)";
				SWIFT_EMIT_LOC_STRINGS = YES;
				SWIFT_VERSION = 5.0;
				TARGETED_DEVICE_FAMILY = "1,2";
			};
			name = Release;
		};
/* End XCBuildConfiguration section */

/* Begin XCConfigurationList section */
		C076B6212B93025A00993FE2 /* Build configuration list for PBXProject "BarcodeReaderSUI" */ = {
			isa = XCConfigurationList;
			buildConfigurations = (
				C076B6322B93025B00993FE2 /* Debug */,
				C076B6332B93025B00993FE2 /* Release */,
			);
			defaultConfigurationIsVisible = 0;
			defaultConfigurationName = Release;
		};
		C076B6342B93025B00993FE2 /* Build configuration list for PBXNativeTarget "BarcodeReaderSUI" */ = {
			isa = XCConfigurationList;
			buildConfigurations = (
				C076B6352B93025B00993FE2 /* Debug */,
				C076B6362B93025B00993FE2 /* Release */,
			);
			defaultConfigurationIsVisible = 0;
			defaultConfigurationName = Release;
		};
/* End XCConfigurationList section */
	};
	rootObject = C076B61E2B93025A00993FE2 /* Project object */;
}
